
Microsoft Visual Studio Solution File, Format Version 12.00
# Visual Studio Version 17
VisualStudioVersion = 17.8.34525.116
MinimumVisualStudioVersion = 10.0.40219.1
Project("{FAE04EC0-301F-11D3-BF4B-00C04F79EFBC}") = "Energy", "Energy\Energy.csproj", "{CDAC4410-391A-49F2-840B-637203F8D237}"
EndProject
Global
	GlobalSection(SolutionConfigurationPlatforms) = preSolution
		Debug|Any CPU = Debug|Any CPU
		Release|Any CPU = Release|Any CPU
	EndGlobalSection
	GlobalSection(ProjectConfigurationPlatforms) = postSolution
		{CDAC4410-391A-49F2-840B-637203F8D237}.Debug|Any CPU.ActiveCfg = Debug|Any CPU
		{CDAC4410-391A-49F2-840B-637203F8D237}.Debug|Any CPU.Build.0 = Debug|Any CPU
		{CDAC4410-391A-49F2-840B-637203F8D237}.Release|Any CPU.ActiveCfg = Release|Any CPU
		{CDAC4410-391A-49F2-840B-637203F8D237}.Release|Any CPU.Build.0 = Release|Any CPU
	EndGlobalSection
	GlobalSection(SolutionProperties) = preSolution
		HideSolutionNode = FALSE
	EndGlobalSection
	GlobalSection(ExtensibilityGlobals) = postSolution
		SolutionGuid = {6F9CE2AC-4211-40DF-8CE6-BBF5F247C6D5}
	EndGlobalSection
EndGlobal
